// !$*UTF8*$!
{
	archiveVersion = 1;
	classes = {
	};
	objectVersion = 46;
	objects = {

/* Begin PBXBuildFile section */
		B925CBB21E0BB4AD00FDBBDD /* AppDelegate.swift in Sources */ = {isa = PBXBuildFile; fileRef = B925CBB11E0BB4AD00FDBBDD /* AppDelegate.swift */; };
		B925CBB41E0BB4AD00FDBBDD /* ViewController.swift in Sources */ = {isa = PBXBuildFile; fileRef = B925CBB31E0BB4AD00FDBBDD /* ViewController.swift */; };
		B925CBB71E0BB4AD00FDBBDD /* Main.storyboard in Resources */ = {isa = PBXBuildFile; fileRef = B925CBB51E0BB4AD00FDBBDD /* Main.storyboard */; };
		B925CBB91E0BB4AD00FDBBDD /* Assets.xcassets in Resources */ = {isa = PBXBuildFile; fileRef = B925CBB81E0BB4AD00FDBBDD /* Assets.xcassets */; };
		B925CBBC1E0BB4AD00FDBBDD /* LaunchScreen.storyboard in Resources */ = {isa = PBXBuildFile; fileRef = B925CBBA1E0BB4AD00FDBBDD /* LaunchScreen.storyboard */; };
		B925CBC71E0BB4AD00FDBBDD /* httpsLinkCheckTests.swift in Sources */ = {isa = PBXBuildFile; fileRef = B925CBC61E0BB4AD00FDBBDD /* httpsLinkCheckTests.swift */; };
/* End PBXBuildFile section */

/* Begin PBXContainerItemProxy section */
		B925CBC31E0BB4AD00FDBBDD /* PBXContainerItemProxy */ = {
			isa = PBXContainerItemProxy;
			containerPortal = B925CBA61E0BB4AD00FDBBDD /* Project object */;
			proxyType = 1;
			remoteGlobalIDString = B925CBAD1E0BB4AD00FDBBDD;
			remoteInfo = httpsLinkCheck;
		};
/* End PBXContainerItemProxy section */

/* Begin PBXFileReference section */
		B925CBAE1E0BB4AD00FDBBDD /* httpsLinkCheck.app */ = {isa = PBXFileReference; explicitFileType = wrapper.application; includeInIndex = 0; path = httpsLinkCheck.app; sourceTree = BUILT_PRODUCTS_DIR; };
		B925CBB11E0BB4AD00FDBBDD /* AppDelegate.swift */ = {isa = PBXFileReference; lastKnownFileType = sourcecode.swift; path = AppDelegate.swift; sourceTree = "<group>"; };
		B925CBB31E0BB4AD00FDBBDD /* ViewController.swift */ = {isa = PBXFileReference; lastKnownFileType = sourcecode.swift; path = ViewController.swift; sourceTree = "<group>"; };
		B925CBB61E0BB4AD00FDBBDD /* Base */ = {isa = PBXFileReference; lastKnownFileType = file.storyboard; name = Base; path = Base.lproj/Main.storyboard; sourceTree = "<group>"; };
		B925CBB81E0BB4AD00FDBBDD /* Assets.xcassets */ = {isa = PBXFileReference; lastKnownFileType = folder.assetcatalog; path = Assets.xcassets; sourceTree = "<group>"; };
		B925CBBB1E0BB4AD00FDBBDD /* Base */ = {isa = PBXFileReference; lastKnownFileType = file.storyboard; name = Base; path = Base.lproj/LaunchScreen.storyboard; sourceTree = "<group>"; };
		B925CBBD1E0BB4AD00FDBBDD /* Info.plist */ = {isa = PBXFileReference; lastKnownFileType = text.plist.xml; path = Info.plist; sourceTree = "<group>"; };
		B925CBC21E0BB4AD00FDBBDD /* httpsLinkCheckTests.xctest */ = {isa = PBXFileReference; explicitFileType = wrapper.cfbundle; includeInIndex = 0; path = httpsLinkCheckTests.xctest; sourceTree = BUILT_PRODUCTS_DIR; };
		B925CBC61E0BB4AD00FDBBDD /* httpsLinkCheckTests.swift */ = {isa = PBXFileReference; lastKnownFileType = sourcecode.swift; path = httpsLinkCheckTests.swift; sourceTree = "<group>"; };
		B925CBC81E0BB4AD00FDBBDD /* Info.plist */ = {isa = PBXFileReference; lastKnownFileType = text.plist.xml; path = Info.plist; sourceTree = "<group>"; };
/* End PBXFileReference section */

/* Begin PBXFrameworksBuildPhase section */
		B925CBAB1E0BB4AD00FDBBDD /* Frameworks */ = {
			isa = PBXFrameworksBuildPhase;
			buildActionMask = 2147483647;
			files = (
			);
			runOnlyForDeploymentPostprocessing = 0;
		};
		B925CBBF1E0BB4AD00FDBBDD /* Frameworks */ = {
			isa = PBXFrameworksBuildPhase;
			buildActionMask = 2147483647;
			files = (
			);
			runOnlyForDeploymentPostprocessing = 0;
		};
/* End PBXFrameworksBuildPhase section */

/* Begin PBXGroup section */
		B925CBA51E0BB4AC00FDBBDD = {
			isa = PBXGroup;
			children = (
				B925CBB01E0BB4AD00FDBBDD /* httpsLinkCheck */,
				B925CBC51E0BB4AD00FDBBDD /* httpsLinkCheckTests */,
				B925CBAF1E0BB4AD00FDBBDD /* Products */,
			);
			sourceTree = "<group>";
		};
		B925CBAF1E0BB4AD00FDBBDD /* Products */ = {
			isa = PBXGroup;
			children = (
				B925CBAE1E0BB4AD00FDBBDD /* httpsLinkCheck.app */,
				B925CBC21E0BB4AD00FDBBDD /* httpsLinkCheckTests.xctest */,
			);
			name = Products;
			sourceTree = "<group>";
		};
		B925CBB01E0BB4AD00FDBBDD /* httpsLinkCheck */ = {
			isa = PBXGroup;
			children = (
				B925CBB11E0BB4AD00FDBBDD /* AppDelegate.swift */,
				B925CBB31E0BB4AD00FDBBDD /* ViewController.swift */,
				B925CBB51E0BB4AD00FDBBDD /* Main.storyboard */,
				B925CBB81E0BB4AD00FDBBDD /* Assets.xcassets */,
				B925CBBA1E0BB4AD00FDBBDD /* LaunchScreen.storyboard */,
				B925CBBD1E0BB4AD00FDBBDD /* Info.plist */,
			);
			path = httpsLinkCheck;
			sourceTree = "<group>";
		};
		B925CBC51E0BB4AD00FDBBDD /* httpsLinkCheckTests */ = {
			isa = PBXGroup;
			children = (
				B925CBC61E0BB4AD00FDBBDD /* httpsLinkCheckTests.swift */,
				B925CBC81E0BB4AD00FDBBDD /* Info.plist */,
			);
			path = httpsLinkCheckTests;
			sourceTree = "<group>";
		};
/* End PBXGroup section */

/* Begin PBXNativeTarget section */
		B925CBAD1E0BB4AD00FDBBDD /* httpsLinkCheck */ = {
			isa = PBXNativeTarget;
			buildConfigurationList = B925CBCB1E0BB4AD00FDBBDD /* Build configuration list for PBXNativeTarget "httpsLinkCheck" */;
			buildPhases = (
				B925CBAA1E0BB4AD00FDBBDD /* Sources */,
				B925CBAB1E0BB4AD00FDBBDD /* Frameworks */,
				B925CBAC1E0BB4AD00FDBBDD /* Resources */,
			);
			buildRules = (
			);
			dependencies = (
			);
			name = httpsLinkCheck;
			productName = httpsLinkCheck;
			productReference = B925CBAE1E0BB4AD00FDBBDD /* httpsLinkCheck.app */;
			productType = "com.apple.product-type.application";
		};
		B925CBC11E0BB4AD00FDBBDD /* httpsLinkCheckTests */ = {
			isa = PBXNativeTarget;
			buildConfigurationList = B925CBCE1E0BB4AD00FDBBDD /* Build configuration list for PBXNativeTarget "httpsLinkCheckTests" */;
			buildPhases = (
				B925CBBE1E0BB4AD00FDBBDD /* Sources */,
				B925CBBF1E0BB4AD00FDBBDD /* Frameworks */,
				B925CBC01E0BB4AD00FDBBDD /* Resources */,
			);
			buildRules = (
			);
			dependencies = (
				B925CBC41E0BB4AD00FDBBDD /* PBXTargetDependency */,
			);
			name = httpsLinkCheckTests;
			productName = httpsLinkCheckTests;
			productReference = B925CBC21E0BB4AD00FDBBDD /* httpsLinkCheckTests.xctest */;
			productType = "com.apple.product-type.bundle.unit-test";
		};
/* End PBXNativeTarget section */

/* Begin PBXProject section */
		B925CBA61E0BB4AD00FDBBDD /* Project object */ = {
			isa = PBXProject;
			attributes = {
				LastSwiftUpdateCheck = 0720;
				LastUpgradeCheck = 0720;
				ORGANIZATIONNAME = rajesh;
				TargetAttributes = {
					B925CBAD1E0BB4AD00FDBBDD = {
						CreatedOnToolsVersion = 7.2;
					};
					B925CBC11E0BB4AD00FDBBDD = {
						CreatedOnToolsVersion = 7.2;
						TestTargetID = B925CBAD1E0BB4AD00FDBBDD;
					};
				};
			};
			buildConfigurationList = B925CBA91E0BB4AD00FDBBDD /* Build configuration list for PBXProject "httpsLinkCheck" */;
			compatibilityVersion = "Xcode 3.2";
			developmentRegion = English;
			hasScannedForEncodings = 0;
			knownRegions = (
				en,
				Base,
			);
			mainGroup = B925CBA51E0BB4AC00FDBBDD;
			productRefGroup = B925CBAF1E0BB4AD00FDBBDD /* Products */;
			projectDirPath = "";
			projectRoot = "";
			targets = (
				B925CBAD1E0BB4AD00FDBBDD /* httpsLinkCheck */,
				B925CBC11E0BB4AD00FDBBDD /* httpsLinkCheckTests */,
			);
		};
/* End PBXProject section */

/* Begin PBXResourcesBuildPhase section */
		B925CBAC1E0BB4AD00FDBBDD /* Resources */ = {
			isa = PBXResourcesBuildPhase;
			buildActionMask = 2147483647;
			files = (
				B925CBBC1E0BB4AD00FDBBDD /* LaunchScreen.storyboard in Resources */,
				B925CBB91E0BB4AD00FDBBDD /* Assets.xcassets in Resources */,
				B925CBB71E0BB4AD00FDBBDD /* Main.storyboard in Resources */,
			);
			runOnlyForDeploymentPostprocessing = 0;
		};
		B925CBC01E0BB4AD00FDBBDD /* Resources */ = {
			isa = PBXResourcesBuildPhase;
			buildActionMask = 2147483647;
			files = (
			);
			runOnlyForDeploymentPostprocessing = 0;
		};
/* End PBXResourcesBuildPhase section */

/* Begin PBXSourcesBuildPhase section */
		B925CBAA1E0BB4AD00FDBBDD /* Sources */ = {
			isa = PBXSourcesBuildPhase;
			buildActionMask = 2147483647;
			files = (
				B925CBB41E0BB4AD00FDBBDD /* ViewController.swift in Sources */,
				B925CBB21E0BB4AD00FDBBDD /* AppDelegate.swift in Sources */,
			);
			runOnlyForDeploymentPostprocessing = 0;
		};
		B925CBBE1E0BB4AD00FDBBDD /* Sources */ = {
			isa = PBXSourcesBuildPhase;
			buildActionMask = 2147483647;
			files = (
				B925CBC71E0BB4AD00FDBBDD /* httpsLinkCheckTests.swift in Sources */,
			);
			runOnlyForDeploymentPostprocessing = 0;
		};
/* End PBXSourcesBuildPhase section */

/* Begin PBXTargetDependency section */
		B925CBC41E0BB4AD00FDBBDD /* PBXTargetDependency */ = {
			isa = PBXTargetDependency;
			target = B925CBAD1E0BB4AD00FDBBDD /* httpsLinkCheck */;
			targetProxy = B925CBC31E0BB4AD00FDBBDD /* PBXContainerItemProxy */;
		};
/* End PBXTargetDependency section */

/* Begin PBXVariantGroup section */
		B925CBB51E0BB4AD00FDBBDD /* Main.storyboard */ = {
			isa = PBXVariantGroup;
			children = (
				B925CBB61E0BB4AD00FDBBDD /* Base */,
			);
			name = Main.storyboard;
			sourceTree = "<group>";
		};
		B925CBBA1E0BB4AD00FDBBDD /* LaunchScreen.storyboard */ = {
			isa = PBXVariantGroup;
			children = (
				B925CBBB1E0BB4AD00FDBBDD /* Base */,
			);
			name = LaunchScreen.storyboard;
			sourceTree = "<group>";
		};
/* End PBXVariantGroup section */

/* Begin XCBuildConfiguration section */
		B925CBC91E0BB4AD00FDBBDD /* Debug */ = {
			isa = XCBuildConfiguration;
			buildSettings = {
				ALWAYS_SEARCH_USER_PATHS = NO;
				CLANG_CXX_LANGUAGE_STANDARD = "gnu++0x";
				CLANG_CXX_LIBRARY = "libc++";
				CLANG_ENABLE_MODULES = YES;
				CLANG_ENABLE_OBJC_ARC = YES;
				CLANG_WARN_BOOL_CONVERSION = YES;
				CLANG_WARN_CONSTANT_CONVERSION = YES;
				CLANG_WARN_DIRECT_OBJC_ISA_USAGE = YES_ERROR;
				CLANG_WARN_EMPTY_BODY = YES;
				CLANG_WARN_ENUM_CONVERSION = YES;
				CLANG_WARN_INT_CONVERSION = YES;
				CLANG_WARN_OBJC_ROOT_CLASS = YES_ERROR;
				CLANG_WARN_UNREACHABLE_CODE = YES;
				CLANG_WARN__DUPLICATE_METHOD_MATCH = YES;
				"CODE_SIGN_IDENTITY[sdk=iphoneos*]" = "iPhone Developer";
				COPY_PHASE_STRIP = NO;
				DEBUG_INFORMATION_FORMAT = dwarf;
				ENABLE_STRICT_OBJC_MSGSEND = YES;
				ENABLE_TESTABILITY = YES;
				GCC_C_LANGUAGE_STANDARD = gnu99;
				GCC_DYNAMIC_NO_PIC = NO;
				GCC_NO_COMMON_BLOCKS = YES;
				GCC_OPTIMIZATION_LEVEL = 0;
				GCC_PREPROCESSOR_DEFINITIONS = (
					"DEBUG=1",
					"$(inherited)",
				);
				GCC_WARN_64_TO_32_BIT_CONVERSION = YES;
				GCC_WARN_ABOUT_RETURN_TYPE = YES_ERROR;
				GCC_WARN_UNDECLARED_SELECTOR = YES;
				GCC_WARN_UNINITIALIZED_AUTOS = YES_AGGRESSIVE;
				GCC_WARN_UNUSED_FUNCTION = YES;
				GCC_WARN_UNUSED_VARIABLE = YES;
				IPHONEOS_DEPLOYMENT_TARGET = 9.2;
				MTL_ENABLE_DEBUG_INFO = YES;
				ONLY_ACTIVE_ARCH = YES;
				SDKROOT = iphoneos;
				SWIFT_OPTIMIZATION_LEVEL = "-Onone";
				TARGETED_DEVICE_FAMILY = "1,2";
			};
			name = Debug;
		};
		B925CBCA1E0BB4AD00FDBBDD /* Release */ = {
			isa = XCBuildConfiguration;
			buildSettings = {
				ALWAYS_SEARCH_USER_PATHS = NO;
				CLANG_CXX_LANGUAGE_STANDARD = "gnu++0x";
				CLANG_CXX_LIBRARY = "libc++";
				CLANG_ENABLE_MODULES = YES;
				CLANG_ENABLE_OBJC_ARC = YES;
				CLANG_WARN_BOOL_CONVERSION = YES;
				CLANG_WARN_CONSTANT_CONVERSION = YES;
				CLANG_WARN_DIRECT_OBJC_ISA_USAGE = YES_ERROR;
				CLANG_WARN_EMPTY_BODY = YES;
				CLANG_WARN_ENUM_CONVERSION = YES;
				CLANG_WARN_INT_CONVERSION = YES;
				CLANG_WARN_OBJC_ROOT_CLASS = YES_ERROR;
				CLANG_WARN_UNREACHABLE_CODE = YES;
				CLANG_WARN__DUPLICATE_METHOD_MATCH = YES;
				"CODE_SIGN_IDENTITY[sdk=iphoneos*]" = "iPhone Developer";
				COPY_PHASE_STRIP = NO;
				DEBUG_INFORMATION_FORMAT = "dwarf-with-dsym";
				ENABLE_NS_ASSERTIONS = NO;
				ENABLE_STRICT_OBJC_MSGSEND = YES;
				GCC_C_LANGUAGE_STANDARD = gnu99;
				GCC_NO_COMMON_BLOCKS = YES;
				GCC_WARN_64_TO_32_BIT_CONVERSION = YES;
				GCC_WARN_ABOUT_RETURN_TYPE = YES_ERROR;
				GCC_WARN_UNDECLARED_SELECTOR = YES;
				GCC_WARN_UNINITIALIZED_AUTOS = YES_AGGRESSIVE;
				GCC_WARN_UNUSED_FUNCTION = YES;
				GCC_WARN_UNUSED_VARIABLE = YES;
				IPHONEOS_DEPLOYMENT_TARGET = 9.2;
				MTL_ENABLE_DEBUG_INFO = NO;
				SDKROOT = iphoneos;
				TARGETED_DEVICE_FAMILY = "1,2";
				VALIDATE_PRODUCT = YES;
			};
			name = Release;
		};
		B925CBCC1E0BB4AD00FDBBDD /* Debug */ = {
			isa = XCBuildConfiguration;
			buildSettings = {
				ASSETCATALOG_COMPILER_APPICON_NAME = AppIcon;
				INFOPLIST_FILE = httpsLinkCheck/Info.plist;
				LD_RUNPATH_SEARCH_PATHS = "$(inherited) @executable_path/Frameworks";
				PRODUCT_BUNDLE_IDENTIFIER = com.sip.sipproject.httpsLinkCheck;
				PRODUCT_NAME = "$(TARGET_NAME)";
			};
			name = Debug;
		};
		B925CBCD1E0BB4AD00FDBBDD /* Release */ = {
			isa = XCBuildConfiguration;
			buildSettings = {
				ASSETCATALOG_COMPILER_APPICON_NAME = AppIcon;
				INFOPLIST_FILE = httpsLinkCheck/Info.plist;
				LD_RUNPATH_SEARCH_PATHS = "$(inherited) @executable_path/Frameworks";
				PRODUCT_BUNDLE_IDENTIFIER = com.sip.sipproject.httpsLinkCheck;
				PRODUCT_NAME = "$(TARGET_NAME)";
			};
			name = Release;
		};
		B925CBCF1E0BB4AD00FDBBDD /* Debug */ = {
			isa = XCBuildConfiguration;
			buildSettings = {
				BUNDLE_LOADER = "$(TEST_HOST)";
				INFOPLIST_FILE = httpsLinkCheckTests/Info.plist;
				LD_RUNPATH_SEARCH_PATHS = "$(inherited) @executable_path/Frameworks @loader_path/Frameworks";
				PRODUCT_BUNDLE_IDENTIFIER = com.sip.sipproject.httpsLinkCheckTests;
				PRODUCT_NAME = "$(TARGET_NAME)";
				TEST_HOST = "$(BUILT_PRODUCTS_DIR)/httpsLinkCheck.app/httpsLinkCheck";
			};
			name = Debug;
		};
		B925CBD01E0BB4AD00FDBBDD /* Release */ = {
			isa = XCBuildConfiguration;
			buildSettings = {
				BUNDLE_LOADER = "$(TEST_HOST)";
				INFOPLIST_FILE = httpsLinkCheckTests/Info.plist;
				LD_RUNPATH_SEARCH_PATHS = "$(inherited) @executable_path/Frameworks @loader_path/Frameworks";
				PRODUCT_BUNDLE_IDENTIFIER = com.sip.sipproject.httpsLinkCheckTests;
				PRODUCT_NAME = "$(TARGET_NAME)";
				TEST_HOST = "$(BUILT_PRODUCTS_DIR)/httpsLinkCheck.app/httpsLinkCheck";
			};
			name = Release;
		};
/* End XCBuildConfiguration section */

/* Begin XCConfigurationList section */
		B925CBA91E0BB4AD00FDBBDD /* Build configuration list for PBXProject "httpsLinkCheck" */ = {
			isa = XCConfigurationList;
			buildConfigurations = (
				B925CBC91E0BB4AD00FDBBDD /* Debug */,
				B925CBCA1E0BB4AD00FDBBDD /* Release */,
			);
			defaultConfigurationIsVisible = 0;
			defaultConfigurationName = Release;
		};
		B925CBCB1E0BB4AD00FDBBDD /* Build configuration list for PBXNativeTarget "httpsLinkCheck" */ = {
			isa = XCConfigurationList;
			buildConfigurations = (
				B925CBCC1E0BB4AD00FDBBDD /* Debug */,
				B925CBCD1E0BB4AD00FDBBDD /* Release */,
			);
			defaultConfigurationIsVisible = 0;
		};
		B925CBCE1E0BB4AD00FDBBDD /* Build configuration list for PBXNativeTarget "httpsLinkCheckTests" */ = {
			isa = XCConfigurationList;
			buildConfigurations = (
				B925CBCF1E0BB4AD00FDBBDD /* Debug */,
				B925CBD01E0BB4AD00FDBBDD /* Release */,
			);
			defaultConfigurationIsVisible = 0;
		};
/* End XCConfigurationList section */
	};
	rootObject = B925CBA61E0BB4AD00FDBBDD /* Project object */;
}
